// !$*UTF8*$!
{
	archiveVersion = 1;
	classes = {
	};
	objectVersion = 46;
	objects = {

/* Begin PBXBuildFile section */
		03285D291B498B2A0078A1AA /* Avios.swift in Sources */ = {isa = PBXBuildFile; fileRef = 03285D281B498B2A0078A1AA /* Avios.swift */; };
		0392BC471B3498B8000EED3F /* Avios.h in Headers */ = {isa = PBXBuildFile; fileRef = 0392BC421B3498B8000EED3F /* Avios.h */; settings = {ATTRIBUTES = (Public, ); }; };
		0392BC4F1B3499A8000EED3F /* AviosTests.swift in Sources */ = {isa = PBXBuildFile; fileRef = 0392BC4B1B3499A1000EED3F /* AviosTests.swift */; };
		03A6ED5A1B33A84500D65170 /* Avios.framework in Frameworks */ = {isa = PBXBuildFile; fileRef = 03A6ED4F1B33A84500D65170 /* Avios.framework */; };
		03EF66B81B41C10100E2448A /* H264.swift in Sources */ = {isa = PBXBuildFile; fileRef = 03EF66B71B41C10100E2448A /* H264.swift */; };
		03EF66BA1B41C36600E2448A /* NALU.swift in Sources */ = {isa = PBXBuildFile; fileRef = 03EF66B91B41C36600E2448A /* NALU.swift */; };
/* End PBXBuildFile section */

/* Begin PBXContainerItemProxy section */
		03A6ED5B1B33A84500D65170 /* PBXContainerItemProxy */ = {
			isa = PBXContainerItemProxy;
			containerPortal = 03A6ED461B33A84500D65170 /* Project object */;
			proxyType = 1;
			remoteGlobalIDString = 03A6ED4E1B33A84500D65170;
			remoteInfo = Libav;
		};
/* End PBXContainerItemProxy section */

/* Begin PBXFileReference section */
		03285D281B498B2A0078A1AA /* Avios.swift */ = {isa = PBXFileReference; fileEncoding = 4; lastKnownFileType = sourcecode.swift; path = Avios.swift; sourceTree = "<group>"; };
		0392BC411B3498B8000EED3F /* Info.plist */ = {isa = PBXFileReference; fileEncoding = 4; lastKnownFileType = text.plist.xml; path = Info.plist; sourceTree = "<group>"; };
		0392BC421B3498B8000EED3F /* Avios.h */ = {isa = PBXFileReference; fileEncoding = 4; lastKnownFileType = sourcecode.c.h; path = Avios.h; sourceTree = "<group>"; };
		0392BC4B1B3499A1000EED3F /* AviosTests.swift */ = {isa = PBXFileReference; fileEncoding = 4; lastKnownFileType = sourcecode.swift; path = AviosTests.swift; sourceTree = "<group>"; };
		0392BC4C1B3499A1000EED3F /* Info.plist */ = {isa = PBXFileReference; fileEncoding = 4; lastKnownFileType = text.plist.xml; path = Info.plist; sourceTree = "<group>"; };
		0392BC511B349A55000EED3F /* AviosTests-Bridging-Header.h */ = {isa = PBXFileReference; lastKnownFileType = sourcecode.c.h; path = "AviosTests-Bridging-Header.h"; sourceTree = "<group>"; };
		03A6ED4F1B33A84500D65170 /* Avios.framework */ = {isa = PBXFileReference; explicitFileType = wrapper.framework; includeInIndex = 0; path = Avios.framework; sourceTree = BUILT_PRODUCTS_DIR; };
		03A6ED591B33A84500D65170 /* AviosTests.xctest */ = {isa = PBXFileReference; explicitFileType = wrapper.cfbundle; includeInIndex = 0; path = AviosTests.xctest; sourceTree = BUILT_PRODUCTS_DIR; };
		03EF66B71B41C10100E2448A /* H264.swift */ = {isa = PBXFileReference; fileEncoding = 4; lastKnownFileType = sourcecode.swift; path = H264.swift; sourceTree = "<group>"; };
		03EF66B91B41C36600E2448A /* NALU.swift */ = {isa = PBXFileReference; fileEncoding = 4; lastKnownFileType = sourcecode.swift; path = NALU.swift; sourceTree = "<group>"; };
/* End PBXFileReference section */

/* Begin PBXFrameworksBuildPhase section */
		03A6ED4B1B33A84500D65170 /* Frameworks */ = {
			isa = PBXFrameworksBuildPhase;
			buildActionMask = 2147483647;
			files = (
			);
			runOnlyForDeploymentPostprocessing = 0;
		};
		03A6ED561B33A84500D65170 /* Frameworks */ = {
			isa = PBXFrameworksBuildPhase;
			buildActionMask = 2147483647;
			files = (
				03A6ED5A1B33A84500D65170 /* Avios.framework in Frameworks */,
			);
			runOnlyForDeploymentPostprocessing = 0;
		};
/* End PBXFrameworksBuildPhase section */

/* Begin PBXGroup section */
		0392BC3D1B3498B8000EED3F /* Avios */ = {
			isa = PBXGroup;
			children = (
				0392BC411B3498B8000EED3F /* Info.plist */,
				0392BC421B3498B8000EED3F /* Avios.h */,
				03285D281B498B2A0078A1AA /* Avios.swift */,
				03EF66B71B41C10100E2448A /* H264.swift */,
				03EF66B91B41C36600E2448A /* NALU.swift */,
			);
			path = Avios;
			sourceTree = "<group>";
		};
		0392BC4A1B3499A1000EED3F /* AviosTests */ = {
			isa = PBXGroup;
			children = (
				0392BC4B1B3499A1000EED3F /* AviosTests.swift */,
				0392BC4C1B3499A1000EED3F /* Info.plist */,
				0392BC511B349A55000EED3F /* AviosTests-Bridging-Header.h */,
			);
			path = AviosTests;
			sourceTree = "<group>";
		};
		03A6ED451B33A84500D65170 = {
			isa = PBXGroup;
			children = (
				0392BC3D1B3498B8000EED3F /* Avios */,
				0392BC4A1B3499A1000EED3F /* AviosTests */,
				03A6ED501B33A84500D65170 /* Products */,
			);
			sourceTree = "<group>";
		};
		03A6ED501B33A84500D65170 /* Products */ = {
			isa = PBXGroup;
			children = (
				03A6ED4F1B33A84500D65170 /* Avios.framework */,
				03A6ED591B33A84500D65170 /* AviosTests.xctest */,
			);
			name = Products;
			sourceTree = "<group>";
		};
/* End PBXGroup section */

/* Begin PBXHeadersBuildPhase section */
		03A6ED4C1B33A84500D65170 /* Headers */ = {
			isa = PBXHeadersBuildPhase;
			buildActionMask = 2147483647;
			files = (
				0392BC471B3498B8000EED3F /* Avios.h in Headers */,
			);
			runOnlyForDeploymentPostprocessing = 0;
		};
/* End PBXHeadersBuildPhase section */

/* Begin PBXNativeTarget section */
		03A6ED4E1B33A84500D65170 /* Avios */ = {
			isa = PBXNativeTarget;
			buildConfigurationList = 03A6ED631B33A84500D65170 /* Build configuration list for PBXNativeTarget "Avios" */;
			buildPhases = (
				03A6ED4A1B33A84500D65170 /* Sources */,
				03A6ED4B1B33A84500D65170 /* Frameworks */,
				03A6ED4C1B33A84500D65170 /* Headers */,
				03A6ED4D1B33A84500D65170 /* Resources */,
			);
			buildRules = (
			);
			dependencies = (
			);
			name = Avios;
			productName = Libav;
			productReference = 03A6ED4F1B33A84500D65170 /* Avios.framework */;
			productType = "com.apple.product-type.framework";
		};
		03A6ED581B33A84500D65170 /* AviosTests */ = {
			isa = PBXNativeTarget;
			buildConfigurationList = 03A6ED661B33A84500D65170 /* Build configuration list for PBXNativeTarget "AviosTests" */;
			buildPhases = (
				03A6ED551B33A84500D65170 /* Sources */,
				03A6ED561B33A84500D65170 /* Frameworks */,
				03A6ED571B33A84500D65170 /* Resources */,
			);
			buildRules = (
			);
			dependencies = (
				03A6ED5C1B33A84500D65170 /* PBXTargetDependency */,
			);
			name = AviosTests;
			productName = LibavTests;
			productReference = 03A6ED591B33A84500D65170 /* AviosTests.xctest */;
			productType = "com.apple.product-type.bundle.unit-test";
		};
/* End PBXNativeTarget section */

/* Begin PBXProject section */
		03A6ED461B33A84500D65170 /* Project object */ = {
			isa = PBXProject;
			attributes = {
				LastSwiftUpdateCheck = 0700;
				LastUpgradeCheck = 0700;
				ORGANIZATIONNAME = "ONcast, LLC";
				TargetAttributes = {
					03A6ED4E1B33A84500D65170 = {
						CreatedOnToolsVersion = 7.0;
					};
					03A6ED581B33A84500D65170 = {
						CreatedOnToolsVersion = 7.0;
					};
				};
			};
			buildConfigurationList = 03A6ED491B33A84500D65170 /* Build configuration list for PBXProject "Avios" */;
			compatibilityVersion = "Xcode 3.2";
			developmentRegion = English;
			hasScannedForEncodings = 0;
			knownRegions = (
				en,
				Base,
			);
			mainGroup = 03A6ED451B33A84500D65170;
			productRefGroup = 03A6ED501B33A84500D65170 /* Products */;
			projectDirPath = "";
			projectRoot = "";
			targets = (
				03A6ED4E1B33A84500D65170 /* Avios */,
				03A6ED581B33A84500D65170 /* AviosTests */,
			);
		};
/* End PBXProject section */

/* Begin PBXResourcesBuildPhase section */
		03A6ED4D1B33A84500D65170 /* Resources */ = {
			isa = PBXResourcesBuildPhase;
			buildActionMask = 2147483647;
			files = (
			);
			runOnlyForDeploymentPostprocessing = 0;
		};
		03A6ED571B33A84500D65170 /* Resources */ = {
			isa = PBXResourcesBuildPhase;
			buildActionMask = 2147483647;
			files = (
			);
			runOnlyForDeploymentPostprocessing = 0;
		};
/* End PBXResourcesBuildPhase section */

/* Begin PBXSourcesBuildPhase section */
		03A6ED4A1B33A84500D65170 /* Sources */ = {
			isa = PBXSourcesBuildPhase;
			buildActionMask = 2147483647;
			files = (
				03EF66BA1B41C36600E2448A /* NALU.swift in Sources */,
				03285D291B498B2A0078A1AA /* Avios.swift in Sources */,
				03EF66B81B41C10100E2448A /* H264.swift in Sources */,
			);
			runOnlyForDeploymentPostprocessing = 0;
		};
		03A6ED551B33A84500D65170 /* Sources */ = {
			isa = PBXSourcesBuildPhase;
			buildActionMask = 2147483647;
			files = (
				0392BC4F1B3499A8000EED3F /* AviosTests.swift in Sources */,
			);
			runOnlyForDeploymentPostprocessing = 0;
		};
/* End PBXSourcesBuildPhase section */

/* Begin PBXTargetDependency section */
		03A6ED5C1B33A84500D65170 /* PBXTargetDependency */ = {
			isa = PBXTargetDependency;
			target = 03A6ED4E1B33A84500D65170 /* Avios */;
			targetProxy = 03A6ED5B1B33A84500D65170 /* PBXContainerItemProxy */;
		};
/* End PBXTargetDependency section */

/* Begin XCBuildConfiguration section */
		03A6ED611B33A84500D65170 /* Debug */ = {
			isa = XCBuildConfiguration;
			buildSettings = {
				ALWAYS_SEARCH_USER_PATHS = NO;
				CLANG_CXX_LANGUAGE_STANDARD = "gnu++0x";
				CLANG_CXX_LIBRARY = "libc++";
				CLANG_ENABLE_MODULES = YES;
				CLANG_ENABLE_OBJC_ARC = YES;
				CLANG_WARN_BOOL_CONVERSION = YES;
				CLANG_WARN_CONSTANT_CONVERSION = YES;
				CLANG_WARN_DIRECT_OBJC_ISA_USAGE = YES_ERROR;
				CLANG_WARN_EMPTY_BODY = YES;
				CLANG_WARN_ENUM_CONVERSION = YES;
				CLANG_WARN_INT_CONVERSION = YES;
				CLANG_WARN_OBJC_ROOT_CLASS = YES_ERROR;
				CLANG_WARN_UNREACHABLE_CODE = YES;
				CLANG_WARN__DUPLICATE_METHOD_MATCH = YES;
				"CODE_SIGN_IDENTITY[sdk=iphoneos*]" = "iPhone Developer";
				COPY_PHASE_STRIP = NO;
				CURRENT_PROJECT_VERSION = 1;
				DEBUG_INFORMATION_FORMAT = dwarf;
				ENABLE_STRICT_OBJC_MSGSEND = YES;
				ENABLE_TESTABILITY = YES;
				GCC_C_LANGUAGE_STANDARD = gnu99;
				GCC_DYNAMIC_NO_PIC = NO;
				GCC_NO_COMMON_BLOCKS = YES;
				GCC_OPTIMIZATION_LEVEL = 0;
				GCC_PREPROCESSOR_DEFINITIONS = "$(inherited)";
				GCC_WARN_64_TO_32_BIT_CONVERSION = YES;
				GCC_WARN_ABOUT_RETURN_TYPE = YES_ERROR;
				GCC_WARN_UNDECLARED_SELECTOR = YES;
				GCC_WARN_UNINITIALIZED_AUTOS = YES_AGGRESSIVE;
				GCC_WARN_UNUSED_FUNCTION = YES;
				GCC_WARN_UNUSED_VARIABLE = YES;
				IPHONEOS_DEPLOYMENT_TARGET = 8.0;
				MTL_ENABLE_DEBUG_INFO = YES;
				ONLY_ACTIVE_ARCH = YES;
				SDKROOT = iphoneos;
				SWIFT_OPTIMIZATION_LEVEL = "-Onone";
				TARGETED_DEVICE_FAMILY = "1,2";
				VERSIONING_SYSTEM = "apple-generic";
				VERSION_INFO_PREFIX = "";
			};
			name = Debug;
		};
		03A6ED621B33A84500D65170 /* Release */ = {
			isa = XCBuildConfiguration;
			buildSettings = {
				ALWAYS_SEARCH_USER_PATHS = NO;
				CLANG_CXX_LANGUAGE_STANDARD = "gnu++0x";
				CLANG_CXX_LIBRARY = "libc++";
				CLANG_ENABLE_MODULES = YES;
				CLANG_ENABLE_OBJC_ARC = YES;
				CLANG_WARN_BOOL_CONVERSION = YES;
				CLANG_WARN_CONSTANT_CONVERSION = YES;
				CLANG_WARN_DIRECT_OBJC_ISA_USAGE = YES_ERROR;
				CLANG_WARN_EMPTY_BODY = YES;
				CLANG_WARN_ENUM_CONVERSION = YES;
				CLANG_WARN_INT_CONVERSION = YES;
				CLANG_WARN_OBJC_ROOT_CLASS = YES_ERROR;
				CLANG_WARN_UNREACHABLE_CODE = YES;
				CLANG_WARN__DUPLICATE_METHOD_MATCH = YES;
				"CODE_SIGN_IDENTITY[sdk=iphoneos*]" = "iPhone Developer";
				COPY_PHASE_STRIP = NO;
				CURRENT_PROJECT_VERSION = 1;
				DEBUG_INFORMATION_FORMAT = "dwarf-with-dsym";
				ENABLE_NS_ASSERTIONS = NO;
				ENABLE_STRICT_OBJC_MSGSEND = YES;
				GCC_C_LANGUAGE_STANDARD = gnu99;
				GCC_NO_COMMON_BLOCKS = YES;
				GCC_WARN_64_TO_32_BIT_CONVERSION = YES;
				GCC_WARN_ABOUT_RETURN_TYPE = YES_ERROR;
				GCC_WARN_UNDECLARED_SELECTOR = YES;
				GCC_WARN_UNINITIALIZED_AUTOS = YES_AGGRESSIVE;
				GCC_WARN_UNUSED_FUNCTION = YES;
				GCC_WARN_UNUSED_VARIABLE = YES;
				IPHONEOS_DEPLOYMENT_TARGET = 8.0;
				MTL_ENABLE_DEBUG_INFO = NO;
				SDKROOT = iphoneos;
				TARGETED_DEVICE_FAMILY = "1,2";
				VALIDATE_PRODUCT = YES;
				VERSIONING_SYSTEM = "apple-generic";
				VERSION_INFO_PREFIX = "";
			};
			name = Release;
		};
		03A6ED641B33A84500D65170 /* Debug */ = {
			isa = XCBuildConfiguration;
			buildSettings = {
				CLANG_ENABLE_MODULES = YES;
				DEFINES_MODULE = YES;
				DYLIB_COMPATIBILITY_VERSION = 1;
				DYLIB_CURRENT_VERSION = 1;
				DYLIB_INSTALL_NAME_BASE = "@rpath";
				HEADER_SEARCH_PATHS = "";
				INFOPLIST_FILE = Avios/Info.plist;
				INSTALL_PATH = "$(LOCAL_LIBRARY_DIR)/Frameworks";
				IPHONEOS_DEPLOYMENT_TARGET = 8.0;
				LD_RUNPATH_SEARCH_PATHS = "$(inherited) @executable_path/Frameworks @loader_path/Frameworks";
				LIBRARY_SEARCH_PATHS = "";
				OTHER_CFLAGS = (
					"-Wno-incompatible-pointer-types-discards-qualifiers",
					"-Wno-parentheses",
					"-Wno-pointer-sign",
					"-Wno-switch",
					"-Wno-shorten-64-to-32",
					"-Wno-incompatible-pointer-types",
					"-Wno-conditional-uninitialized",
					"-Wno-tautological-compare",
					"-Wno-unused-function",
					"-Wno-unreachable-code",
					"-IAvios/libvpx",
				);
				PRODUCT_BUNDLE_IDENTIFIER = com.oncast.Avios;
				PRODUCT_NAME = "$(TARGET_NAME)";
				SKIP_INSTALL = YES;
				SWIFT_OPTIMIZATION_LEVEL = "-Onone";
			};
			name = Debug;
		};
		03A6ED651B33A84500D65170 /* Release */ = {
			isa = XCBuildConfiguration;
			buildSettings = {
				CLANG_ENABLE_MODULES = YES;
				DEFINES_MODULE = YES;
				DYLIB_COMPATIBILITY_VERSION = 1;
				DYLIB_CURRENT_VERSION = 1;
				DYLIB_INSTALL_NAME_BASE = "@rpath";
				HEADER_SEARCH_PATHS = "";
				INFOPLIST_FILE = Avios/Info.plist;
				INSTALL_PATH = "$(LOCAL_LIBRARY_DIR)/Frameworks";
				IPHONEOS_DEPLOYMENT_TARGET = 8.0;
				LD_RUNPATH_SEARCH_PATHS = "$(inherited) @executable_path/Frameworks @loader_path/Frameworks";
				LIBRARY_SEARCH_PATHS = "";
				OTHER_CFLAGS = (
					"-Wno-incompatible-pointer-types-discards-qualifiers",
					"-Wno-parentheses",
					"-Wno-pointer-sign",
					"-Wno-switch",
					"-Wno-shorten-64-to-32",
					"-Wno-incompatible-pointer-types",
					"-Wno-conditional-uninitialized",
					"-Wno-tautological-compare",
					"-Wno-unused-function",
					"-Wno-unreachable-code",
					"-IAvios/libvpx",
				);
				PRODUCT_BUNDLE_IDENTIFIER = com.oncast.Avios;
				PRODUCT_NAME = "$(TARGET_NAME)";
				SKIP_INSTALL = YES;
			};
			name = Release;
		};
		03A6ED671B33A84500D65170 /* Debug */ = {
			isa = XCBuildConfiguration;
			buildSettings = {
				CLANG_ENABLE_MODULES = YES;
				LD_RUNPATH_SEARCH_PATHS = "$(inherited) @executable_path/Frameworks @loader_path/Frameworks";
				PRODUCT_NAME = "$(TARGET_NAME)";
				SWIFT_OBJC_BRIDGING_HEADER = "AviosTests/AviosTests-Bridging-Header.h";
				SWIFT_OPTIMIZATION_LEVEL = "-Onone";
			};
			name = Debug;
		};
		03A6ED681B33A84500D65170 /* Release */ = {
			isa = XCBuildConfiguration;
			buildSettings = {
				CLANG_ENABLE_MODULES = YES;
				LD_RUNPATH_SEARCH_PATHS = "$(inherited) @executable_path/Frameworks @loader_path/Frameworks";
				PRODUCT_NAME = "$(TARGET_NAME)";
				SWIFT_OBJC_BRIDGING_HEADER = "AviosTests/AviosTests-Bridging-Header.h";
			};
			name = Release;
		};
/* End XCBuildConfiguration section */

/* Begin XCConfigurationList section */
		03A6ED491B33A84500D65170 /* Build configuration list for PBXProject "Avios" */ = {
			isa = XCConfigurationList;
			buildConfigurations = (
				03A6ED611B33A84500D65170 /* Debug */,
				03A6ED621B33A84500D65170 /* Release */,
			);
			defaultConfigurationIsVisible = 0;
			defaultConfigurationName = Release;
		};
		03A6ED631B33A84500D65170 /* Build configuration list for PBXNativeTarget "Avios" */ = {
			isa = XCConfigurationList;
			buildConfigurations = (
				03A6ED641B33A84500D65170 /* Debug */,
				03A6ED651B33A84500D65170 /* Release */,
			);
			defaultConfigurationIsVisible = 0;
			defaultConfigurationName = Release;
		};
		03A6ED661B33A84500D65170 /* Build configuration list for PBXNativeTarget "AviosTests" */ = {
			isa = XCConfigurationList;
			buildConfigurations = (
				03A6ED671B33A84500D65170 /* Debug */,
				03A6ED681B33A84500D65170 /* Release */,
			);
			defaultConfigurationIsVisible = 0;
			defaultConfigurationName = Release;
		};
/* End XCConfigurationList section */
	};
	rootObject = 03A6ED461B33A84500D65170 /* Project object */;
}
